
Microsoft Visual Studio Solution File, Format Version 12.00
# Visual Studio Version 17
VisualStudioVersion = 17.6.33723.286
MinimumVisualStudioVersion = 10.0.40219.1
Project("{FAE04EC0-301F-11D3-BF4B-00C04F79EFBC}") = "toPDF", "toPDF\toPDF.csproj", "{5141D53F-571A-4311-B14A-04147E86EFFE}"
EndProject
Global
	GlobalSection(SolutionConfigurationPlatforms) = preSolution
		Debug|Any CPU = Debug|Any CPU
		Release|Any CPU = Release|Any CPU
	EndGlobalSection
	GlobalSection(ProjectConfigurationPlatforms) = postSolution
		{5141D53F-571A-4311-B14A-04147E86EFFE}.Debug|Any CPU.ActiveCfg = Debug|Any CPU
		{5141D53F-571A-4311-B14A-04147E86EFFE}.Debug|Any CPU.Build.0 = Debug|Any CPU
		{5141D53F-571A-4311-B14A-04147E86EFFE}.Release|Any CPU.ActiveCfg = Release|Any CPU
		{5141D53F-571A-4311-B14A-04147E86EFFE}.Release|Any CPU.Build.0 = Release|Any CPU
	EndGlobalSection
	GlobalSection(SolutionProperties) = preSolution
		HideSolutionNode = FALSE
	EndGlobalSection
	GlobalSection(ExtensibilityGlobals) = postSolution
		SolutionGuid = {48A8872E-5F40-44B6-A80E-F7C63A7FB927}
	EndGlobalSection
EndGlobal
